
Microsoft Visual Studio Solution File, Format Version 12.00
# Visual Studio Version 17
VisualStudioVersion = 17.0.31521.260
MinimumVisualStudioVersion = 10.0.40219.1
Project("{778DAE3C-4631-46EA-AA77-85C1314464D9}") = "Showdown to Essentials 17 Converter", "Showdown to Essentials Converter\Showdown to Essentials 17 Converter.vbproj", "{15092154-3D1E-42E6-A151-D500596E5092}"
EndProject
Project("{778DAE3C-4631-46EA-AA77-85C1314464D9}") = "Showdown to Essentials 18 & 19 Converter", "Showdown to Essentials 18 Converter\Showdown to Essentials 18 & 19 Converter.vbproj", "{5AD1FD6E-C37B-4DA7-A128-4C882F728366}"
EndProject
Project("{2150E333-8FDC-42A3-9474-1A3956D46DE8}") = "Solution Items", "Solution Items", "{839396A2-1CAE-4CA7-8CD5-FB84AC211CCE}"
	ProjectSection(SolutionItems) = preProject
		autoUpdate-PreRelease.xml = autoUpdate-PreRelease.xml
		autoUpdate-Stable.xml = autoUpdate-Stable.xml
	EndProjectSection
EndProject
Project("{778DAE3C-4631-46EA-AA77-85C1314464D9}") = "Launcher", "Launcher\Launcher.vbproj", "{16F3D06D-BB92-47B2-A4B8-75A8DB2A587C}"
EndProject
Project("{778DAE3C-4631-46EA-AA77-85C1314464D9}") = "TeamGenerator", "TeamGenerator\TeamGenerator.vbproj", "{F6346424-F4CA-4CDF-9940-7B04AF386488}"
EndProject
Project("{2150E333-8FDC-42A3-9474-1A3956D46DE8}") = "Old", "Old", "{7A44A758-E3DB-4474-85E7-BD8B4B74D294}"
EndProject
Project("{2150E333-8FDC-42A3-9474-1A3956D46DE8}") = "EssentialsTeamBuilder", "EssentialsTeamBuilder", "{6C7219F1-E0FC-42A9-8BF7-FF8D4043ED94}"
EndProject
Project("{778DAE3C-4631-46EA-AA77-85C1314464D9}") = "Essentials Team Builder", "Essentials Team Builder\Essentials Team Builder.vbproj", "{DB7F2F33-36CE-41EE-9354-CEE488FE59E2}"
EndProject
Project("{F184B08F-C81C-45F6-A57F-5ABD9991F28F}") = "teamGen", "teamGen\teamGen.vbproj", "{16515FC2-7420-4D5E-96AE-DDBFA2B8C5E5}"
EndProject
Global
	GlobalSection(SolutionConfigurationPlatforms) = preSolution
		Debug|Any CPU = Debug|Any CPU
		Release|Any CPU = Release|Any CPU
	EndGlobalSection
	GlobalSection(ProjectConfigurationPlatforms) = postSolution
		{15092154-3D1E-42E6-A151-D500596E5092}.Debug|Any CPU.ActiveCfg = Debug|Any CPU
		{15092154-3D1E-42E6-A151-D500596E5092}.Debug|Any CPU.Build.0 = Debug|Any CPU
		{15092154-3D1E-42E6-A151-D500596E5092}.Release|Any CPU.ActiveCfg = Release|Any CPU
		{15092154-3D1E-42E6-A151-D500596E5092}.Release|Any CPU.Build.0 = Release|Any CPU
		{5AD1FD6E-C37B-4DA7-A128-4C882F728366}.Debug|Any CPU.ActiveCfg = Debug|Any CPU
		{5AD1FD6E-C37B-4DA7-A128-4C882F728366}.Debug|Any CPU.Build.0 = Debug|Any CPU
		{5AD1FD6E-C37B-4DA7-A128-4C882F728366}.Release|Any CPU.ActiveCfg = Release|Any CPU
		{5AD1FD6E-C37B-4DA7-A128-4C882F728366}.Release|Any CPU.Build.0 = Release|Any CPU
		{16F3D06D-BB92-47B2-A4B8-75A8DB2A587C}.Debug|Any CPU.ActiveCfg = Debug|Any CPU
		{16F3D06D-BB92-47B2-A4B8-75A8DB2A587C}.Debug|Any CPU.Build.0 = Debug|Any CPU
		{16F3D06D-BB92-47B2-A4B8-75A8DB2A587C}.Release|Any CPU.ActiveCfg = Release|Any CPU
		{16F3D06D-BB92-47B2-A4B8-75A8DB2A587C}.Release|Any CPU.Build.0 = Release|Any CPU
		{F6346424-F4CA-4CDF-9940-7B04AF386488}.Debug|Any CPU.ActiveCfg = Debug|Any CPU
		{F6346424-F4CA-4CDF-9940-7B04AF386488}.Debug|Any CPU.Build.0 = Debug|Any CPU
		{F6346424-F4CA-4CDF-9940-7B04AF386488}.Release|Any CPU.ActiveCfg = Release|Any CPU
		{F6346424-F4CA-4CDF-9940-7B04AF386488}.Release|Any CPU.Build.0 = Release|Any CPU
		{DB7F2F33-36CE-41EE-9354-CEE488FE59E2}.Debug|Any CPU.ActiveCfg = Debug|Any CPU
		{DB7F2F33-36CE-41EE-9354-CEE488FE59E2}.Debug|Any CPU.Build.0 = Debug|Any CPU
		{DB7F2F33-36CE-41EE-9354-CEE488FE59E2}.Release|Any CPU.ActiveCfg = Release|Any CPU
		{DB7F2F33-36CE-41EE-9354-CEE488FE59E2}.Release|Any CPU.Build.0 = Release|Any CPU
		{16515FC2-7420-4D5E-96AE-DDBFA2B8C5E5}.Debug|Any CPU.ActiveCfg = Debug|Any CPU
		{16515FC2-7420-4D5E-96AE-DDBFA2B8C5E5}.Debug|Any CPU.Build.0 = Debug|Any CPU
		{16515FC2-7420-4D5E-96AE-DDBFA2B8C5E5}.Release|Any CPU.ActiveCfg = Release|Any CPU
		{16515FC2-7420-4D5E-96AE-DDBFA2B8C5E5}.Release|Any CPU.Build.0 = Release|Any CPU
	EndGlobalSection
	GlobalSection(SolutionProperties) = preSolution
		HideSolutionNode = FALSE
	EndGlobalSection
	GlobalSection(NestedProjects) = preSolution
		{15092154-3D1E-42E6-A151-D500596E5092} = {7A44A758-E3DB-4474-85E7-BD8B4B74D294}
		{5AD1FD6E-C37B-4DA7-A128-4C882F728366} = {7A44A758-E3DB-4474-85E7-BD8B4B74D294}
		{16F3D06D-BB92-47B2-A4B8-75A8DB2A587C} = {7A44A758-E3DB-4474-85E7-BD8B4B74D294}
		{F6346424-F4CA-4CDF-9940-7B04AF386488} = {7A44A758-E3DB-4474-85E7-BD8B4B74D294}
		{DB7F2F33-36CE-41EE-9354-CEE488FE59E2} = {6C7219F1-E0FC-42A9-8BF7-FF8D4043ED94}
		{16515FC2-7420-4D5E-96AE-DDBFA2B8C5E5} = {6C7219F1-E0FC-42A9-8BF7-FF8D4043ED94}
	EndGlobalSection
	GlobalSection(ExtensibilityGlobals) = postSolution
		SolutionGuid = {DF717D5B-A974-4F07-923E-20DB7171AF07}
	EndGlobalSection
EndGlobal
