
Microsoft Visual Studio Solution File, Format Version 12.00
# Visual Studio Version 17
VisualStudioVersion = 17.0.31521.260
MinimumVisualStudioVersion = 10.0.40219.1
Project("{F184B08F-C81C-45F6-A57F-5ABD9991F28F}") = "Showdown to Essentials 17 Converter", "Showdown to Essentials Converter\Showdown to Essentials 17 Converter.vbproj", "{15092154-3D1E-42E6-A151-D500596E5092}"
EndProject
Project("{F184B08F-C81C-45F6-A57F-5ABD9991F28F}") = "Showdown to Essentials 18 Converter", "Showdown to Essentials 18 Converter\Showdown to Essentials 18 Converter.vbproj", "{5AD1FD6E-C37B-4DA7-A128-4C882F728366}"
EndProject
Project("{F184B08F-C81C-45F6-A57F-5ABD9991F28F}") = "Launcher", "Launcher\Launcher.vbproj", "{51E6F8F0-727B-494F-BBF0-486629F2171A}"
EndProject
Project("{FAE04EC0-301F-11D3-BF4B-00C04F79EFBC}") = "DiscordRPCHandler", "DiscordRPCHandler\DiscordRPCHandler.csproj", "{A250A64F-0CEB-47E6-83EA-15E352B3757B}"
EndProject
Global
	GlobalSection(SolutionConfigurationPlatforms) = preSolution
		Debug|Any CPU = Debug|Any CPU
		Release|Any CPU = Release|Any CPU
	EndGlobalSection
	GlobalSection(ProjectConfigurationPlatforms) = postSolution
		{15092154-3D1E-42E6-A151-D500596E5092}.Debug|Any CPU.ActiveCfg = Debug|Any CPU
		{15092154-3D1E-42E6-A151-D500596E5092}.Debug|Any CPU.Build.0 = Debug|Any CPU
		{15092154-3D1E-42E6-A151-D500596E5092}.Release|Any CPU.ActiveCfg = Release|Any CPU
		{15092154-3D1E-42E6-A151-D500596E5092}.Release|Any CPU.Build.0 = Release|Any CPU
		{5AD1FD6E-C37B-4DA7-A128-4C882F728366}.Debug|Any CPU.ActiveCfg = Debug|Any CPU
		{5AD1FD6E-C37B-4DA7-A128-4C882F728366}.Debug|Any CPU.Build.0 = Debug|Any CPU
		{5AD1FD6E-C37B-4DA7-A128-4C882F728366}.Release|Any CPU.ActiveCfg = Release|Any CPU
		{5AD1FD6E-C37B-4DA7-A128-4C882F728366}.Release|Any CPU.Build.0 = Release|Any CPU
		{51E6F8F0-727B-494F-BBF0-486629F2171A}.Debug|Any CPU.ActiveCfg = Debug|Any CPU
		{51E6F8F0-727B-494F-BBF0-486629F2171A}.Debug|Any CPU.Build.0 = Debug|Any CPU
		{51E6F8F0-727B-494F-BBF0-486629F2171A}.Release|Any CPU.ActiveCfg = Release|Any CPU
		{51E6F8F0-727B-494F-BBF0-486629F2171A}.Release|Any CPU.Build.0 = Release|Any CPU
		{A250A64F-0CEB-47E6-83EA-15E352B3757B}.Debug|Any CPU.ActiveCfg = Debug|Any CPU
		{A250A64F-0CEB-47E6-83EA-15E352B3757B}.Debug|Any CPU.Build.0 = Debug|Any CPU
		{A250A64F-0CEB-47E6-83EA-15E352B3757B}.Release|Any CPU.ActiveCfg = Release|Any CPU
		{A250A64F-0CEB-47E6-83EA-15E352B3757B}.Release|Any CPU.Build.0 = Release|Any CPU
	EndGlobalSection
	GlobalSection(SolutionProperties) = preSolution
		HideSolutionNode = FALSE
	EndGlobalSection
	GlobalSection(ExtensibilityGlobals) = postSolution
		SolutionGuid = {DF717D5B-A974-4F07-923E-20DB7171AF07}
	EndGlobalSection
EndGlobal
